
Microsoft Visual Studio Solution File, Format Version 12.00
# Visual Studio Version 17
VisualStudioVersion = 17.9.34622.214
MinimumVisualStudioVersion = 10.0.40219.1
Project("{FAE04EC0-301F-11D3-BF4B-00C04F79EFBC}") = "Shipping-managment-system", "Shipping-managment-system\Shipping-managment-system.csproj", "{D5FCFC9E-E6E6-4E56-BB7D-3C18E2C8A7B9}"
EndProject
Global
	GlobalSection(SolutionConfigurationPlatforms) = preSolution
		Debug|Any CPU = Debug|Any CPU
		Release|Any CPU = Release|Any CPU
	EndGlobalSection
	GlobalSection(ProjectConfigurationPlatforms) = postSolution
		{D5FCFC9E-E6E6-4E56-BB7D-3C18E2C8A7B9}.Debug|Any CPU.ActiveCfg = Debug|Any CPU
		{D5FCFC9E-E6E6-4E56-BB7D-3C18E2C8A7B9}.Debug|Any CPU.Build.0 = Debug|Any CPU
		{D5FCFC9E-E6E6-4E56-BB7D-3C18E2C8A7B9}.Release|Any CPU.ActiveCfg = Release|Any CPU
		{D5FCFC9E-E6E6-4E56-BB7D-3C18E2C8A7B9}.Release|Any CPU.Build.0 = Release|Any CPU
	EndGlobalSection
	GlobalSection(SolutionProperties) = preSolution
		HideSolutionNode = FALSE
	EndGlobalSection
	GlobalSection(ExtensibilityGlobals) = postSolution
		SolutionGuid = {F5CF83C1-9AA0-49C4-A43C-B2F586BF58A8}
	EndGlobalSection
EndGlobal
